
Microsoft Visual Studio Solution File, Format Version 12.00
# Visual Studio Version 17
VisualStudioVersion = 17.14.36310.24 d17.14
MinimumVisualStudioVersion = 10.0.40219.1
Project("{FAE04EC0-301F-11D3-BF4B-00C04F79EFBC}") = "Gym", "Gym\Gym.csproj", "{D3C34CA1-F89D-4E3D-A0F4-F926C2E43710}"
EndProject
Global
	GlobalSection(SolutionConfigurationPlatforms) = preSolution
		Debug|Any CPU = Debug|Any CPU
		Release|Any CPU = Release|Any CPU
	EndGlobalSection
	GlobalSection(ProjectConfigurationPlatforms) = postSolution
		{D3C34CA1-F89D-4E3D-A0F4-F926C2E43710}.Debug|Any CPU.ActiveCfg = Debug|Any CPU
		{D3C34CA1-F89D-4E3D-A0F4-F926C2E43710}.Debug|Any CPU.Build.0 = Debug|Any CPU
		{D3C34CA1-F89D-4E3D-A0F4-F926C2E43710}.Release|Any CPU.ActiveCfg = Release|Any CPU
		{D3C34CA1-F89D-4E3D-A0F4-F926C2E43710}.Release|Any CPU.Build.0 = Release|Any CPU
	EndGlobalSection
	GlobalSection(SolutionProperties) = preSolution
		HideSolutionNode = FALSE
	EndGlobalSection
	GlobalSection(ExtensibilityGlobals) = postSolution
		SolutionGuid = {C1027FBA-BC03-4D04-9A14-4DAE80B34C7A}
	EndGlobalSection
EndGlobal
